// !$*UTF8*$!
{
	archiveVersion = 1;
	classes = {
	};
	objectVersion = 56;
	objects = {

/* Begin PBXBuildFile section */
		40FB78BA2B4DC72800E387F4 /* AllPracticesApp.swift in Sources */ = {isa = PBXBuildFile; fileRef = 40FB78B92B4DC72800E387F4 /* AllPracticesApp.swift */; };
		40FB78BC2B4DC72800E387F4 /* ContentView.swift in Sources */ = {isa = PBXBuildFile; fileRef = 40FB78BB2B4DC72800E387F4 /* ContentView.swift */; };
		40FB78BE2B4DC72B00E387F4 /* Assets.xcassets in Resources */ = {isa = PBXBuildFile; fileRef = 40FB78BD2B4DC72B00E387F4 /* Assets.xcassets */; };
		40FB78C12B4DC72B00E387F4 /* Preview Assets.xcassets in Resources */ = {isa = PBXBuildFile; fileRef = 40FB78C02B4DC72B00E387F4 /* Preview Assets.xcassets */; };
		40FB78CB2B4DC72B00E387F4 /* AllPracticesTests.swift in Sources */ = {isa = PBXBuildFile; fileRef = 40FB78CA2B4DC72B00E387F4 /* AllPracticesTests.swift */; };
		40FB78D52B4DC72B00E387F4 /* AllPracticesUITests.swift in Sources */ = {isa = PBXBuildFile; fileRef = 40FB78D42B4DC72B00E387F4 /* AllPracticesUITests.swift */; };
		40FB78D72B4DC72B00E387F4 /* AllPracticesUITestsLaunchTests.swift in Sources */ = {isa = PBXBuildFile; fileRef = 40FB78D62B4DC72B00E387F4 /* AllPracticesUITestsLaunchTests.swift */; };
		40FB78E52B4DC75F00E387F4 /* ValidatedTextField.swift in Sources */ = {isa = PBXBuildFile; fileRef = 40FB78E42B4DC75F00E387F4 /* ValidatedTextField.swift */; };
		40FB78E72B4DC77E00E387F4 /* ValidatedSecureTextField.swift in Sources */ = {isa = PBXBuildFile; fileRef = 40FB78E62B4DC77E00E387F4 /* ValidatedSecureTextField.swift */; };
		40FB79C72B50957A00E387F4 /* String+Validations.swift in Sources */ = {isa = PBXBuildFile; fileRef = 40FB79C62B50957A00E387F4 /* String+Validations.swift */; };
		40FB79D12B50961B00E387F4 /* RegistrationViewModel.swift in Sources */ = {isa = PBXBuildFile; fileRef = 40FB79D02B50961B00E387F4 /* RegistrationViewModel.swift */; };
		40FB79D32B50962500E387F4 /* RegistrationFormView.swift in Sources */ = {isa = PBXBuildFile; fileRef = 40FB79D22B50962500E387F4 /* RegistrationFormView.swift */; };
/* End PBXBuildFile section */

/* Begin PBXContainerItemProxy section */
		40FB78C72B4DC72B00E387F4 /* PBXContainerItemProxy */ = {
			isa = PBXContainerItemProxy;
			containerPortal = 40FB78AE2B4DC72800E387F4 /* Project object */;
			proxyType = 1;
			remoteGlobalIDString = 40FB78B52B4DC72800E387F4;
			remoteInfo = AllPractices;
		};
		40FB78D12B4DC72B00E387F4 /* PBXContainerItemProxy */ = {
			isa = PBXContainerItemProxy;
			containerPortal = 40FB78AE2B4DC72800E387F4 /* Project object */;
			proxyType = 1;
			remoteGlobalIDString = 40FB78B52B4DC72800E387F4;
			remoteInfo = AllPractices;
		};
/* End PBXContainerItemProxy section */

/* Begin PBXFileReference section */
		40FB78B62B4DC72800E387F4 /* AllPractices.app */ = {isa = PBXFileReference; explicitFileType = wrapper.application; includeInIndex = 0; path = AllPractices.app; sourceTree = BUILT_PRODUCTS_DIR; };
		40FB78B92B4DC72800E387F4 /* AllPracticesApp.swift */ = {isa = PBXFileReference; lastKnownFileType = sourcecode.swift; path = AllPracticesApp.swift; sourceTree = "<group>"; };
		40FB78BB2B4DC72800E387F4 /* ContentView.swift */ = {isa = PBXFileReference; lastKnownFileType = sourcecode.swift; path = ContentView.swift; sourceTree = "<group>"; };
		40FB78BD2B4DC72B00E387F4 /* Assets.xcassets */ = {isa = PBXFileReference; lastKnownFileType = folder.assetcatalog; path = Assets.xcassets; sourceTree = "<group>"; };
		40FB78C02B4DC72B00E387F4 /* Preview Assets.xcassets */ = {isa = PBXFileReference; lastKnownFileType = folder.assetcatalog; path = "Preview Assets.xcassets"; sourceTree = "<group>"; };
		40FB78C62B4DC72B00E387F4 /* AllPracticesTests.xctest */ = {isa = PBXFileReference; explicitFileType = wrapper.cfbundle; includeInIndex = 0; path = AllPracticesTests.xctest; sourceTree = BUILT_PRODUCTS_DIR; };
		40FB78CA2B4DC72B00E387F4 /* AllPracticesTests.swift */ = {isa = PBXFileReference; lastKnownFileType = sourcecode.swift; path = AllPracticesTests.swift; sourceTree = "<group>"; };
		40FB78D02B4DC72B00E387F4 /* AllPracticesUITests.xctest */ = {isa = PBXFileReference; explicitFileType = wrapper.cfbundle; includeInIndex = 0; path = AllPracticesUITests.xctest; sourceTree = BUILT_PRODUCTS_DIR; };
		40FB78D42B4DC72B00E387F4 /* AllPracticesUITests.swift */ = {isa = PBXFileReference; lastKnownFileType = sourcecode.swift; path = AllPracticesUITests.swift; sourceTree = "<group>"; };
		40FB78D62B4DC72B00E387F4 /* AllPracticesUITestsLaunchTests.swift */ = {isa = PBXFileReference; lastKnownFileType = sourcecode.swift; path = AllPracticesUITestsLaunchTests.swift; sourceTree = "<group>"; };
		40FB78E42B4DC75F00E387F4 /* ValidatedTextField.swift */ = {isa = PBXFileReference; lastKnownFileType = sourcecode.swift; path = ValidatedTextField.swift; sourceTree = "<group>"; };
		40FB78E62B4DC77E00E387F4 /* ValidatedSecureTextField.swift */ = {isa = PBXFileReference; fileEncoding = 4; lastKnownFileType = sourcecode.swift; path = ValidatedSecureTextField.swift; sourceTree = "<group>"; };
		40FB79C62B50957A00E387F4 /* String+Validations.swift */ = {isa = PBXFileReference; fileEncoding = 4; lastKnownFileType = sourcecode.swift; path = "String+Validations.swift"; sourceTree = "<group>"; };
		40FB79D02B50961B00E387F4 /* RegistrationViewModel.swift */ = {isa = PBXFileReference; fileEncoding = 4; lastKnownFileType = sourcecode.swift; path = RegistrationViewModel.swift; sourceTree = "<group>"; };
		40FB79D22B50962500E387F4 /* RegistrationFormView.swift */ = {isa = PBXFileReference; fileEncoding = 4; lastKnownFileType = sourcecode.swift; path = RegistrationFormView.swift; sourceTree = "<group>"; };
/* End PBXFileReference section */

/* Begin PBXFrameworksBuildPhase section */
		40FB78B32B4DC72800E387F4 /* Frameworks */ = {
			isa = PBXFrameworksBuildPhase;
			buildActionMask = 2147483647;
			files = (
			);
			runOnlyForDeploymentPostprocessing = 0;
		};
		40FB78C32B4DC72B00E387F4 /* Frameworks */ = {
			isa = PBXFrameworksBuildPhase;
			buildActionMask = 2147483647;
			files = (
			);
			runOnlyForDeploymentPostprocessing = 0;
		};
		40FB78CD2B4DC72B00E387F4 /* Frameworks */ = {
			isa = PBXFrameworksBuildPhase;
			buildActionMask = 2147483647;
			files = (
			);
			runOnlyForDeploymentPostprocessing = 0;
		};
/* End PBXFrameworksBuildPhase section */

/* Begin PBXGroup section */
		40FB78AD2B4DC72800E387F4 = {
			isa = PBXGroup;
			children = (
				40FB78B82B4DC72800E387F4 /* AllPractices */,
				40FB78C92B4DC72B00E387F4 /* AllPracticesTests */,
				40FB78D32B4DC72B00E387F4 /* AllPracticesUITests */,
				40FB78B72B4DC72800E387F4 /* Products */,
			);
			sourceTree = "<group>";
		};
		40FB78B72B4DC72800E387F4 /* Products */ = {
			isa = PBXGroup;
			children = (
				40FB78B62B4DC72800E387F4 /* AllPractices.app */,
				40FB78C62B4DC72B00E387F4 /* AllPracticesTests.xctest */,
				40FB78D02B4DC72B00E387F4 /* AllPracticesUITests.xctest */,
			);
			name = Products;
			sourceTree = "<group>";
		};
		40FB78B82B4DC72800E387F4 /* AllPractices */ = {
			isa = PBXGroup;
			children = (
				40FB78E82B4DC78500E387F4 /* Extensions */,
				40FB78E32B4DC75100E387F4 /* CustomViews */,
				40FB78B92B4DC72800E387F4 /* AllPracticesApp.swift */,
				40FB78BB2B4DC72800E387F4 /* ContentView.swift */,
				40FB79CC2B5095F100E387F4 /* RegistrationForm */,
				40FB78BD2B4DC72B00E387F4 /* Assets.xcassets */,
				40FB78BF2B4DC72B00E387F4 /* Preview Content */,
			);
			path = AllPractices;
			sourceTree = "<group>";
		};
		40FB78BF2B4DC72B00E387F4 /* Preview Content */ = {
			isa = PBXGroup;
			children = (
				40FB78C02B4DC72B00E387F4 /* Preview Assets.xcassets */,
			);
			path = "Preview Content";
			sourceTree = "<group>";
		};
		40FB78C92B4DC72B00E387F4 /* AllPracticesTests */ = {
			isa = PBXGroup;
			children = (
				40FB78CA2B4DC72B00E387F4 /* AllPracticesTests.swift */,
			);
			path = AllPracticesTests;
			sourceTree = "<group>";
		};
		40FB78D32B4DC72B00E387F4 /* AllPracticesUITests */ = {
			isa = PBXGroup;
			children = (
				40FB78D42B4DC72B00E387F4 /* AllPracticesUITests.swift */,
				40FB78D62B4DC72B00E387F4 /* AllPracticesUITestsLaunchTests.swift */,
			);
			path = AllPracticesUITests;
			sourceTree = "<group>";
		};
		40FB78E32B4DC75100E387F4 /* CustomViews */ = {
			isa = PBXGroup;
			children = (
				40FB78E42B4DC75F00E387F4 /* ValidatedTextField.swift */,
				40FB78E62B4DC77E00E387F4 /* ValidatedSecureTextField.swift */,
			);
			path = CustomViews;
			sourceTree = "<group>";
		};
		40FB78E82B4DC78500E387F4 /* Extensions */ = {
			isa = PBXGroup;
			children = (
				40FB79C62B50957A00E387F4 /* String+Validations.swift */,
			);
			path = Extensions;
			sourceTree = "<group>";
		};
		40FB79CC2B5095F100E387F4 /* RegistrationForm */ = {
			isa = PBXGroup;
			children = (
				40FB79CF2B50960C00E387F4 /* Model */,
				40FB79CE2B50960500E387F4 /* View */,
				40FB79CD2B5095FE00E387F4 /* ViewModel */,
			);
			path = RegistrationForm;
			sourceTree = "<group>";
		};
		40FB79CD2B5095FE00E387F4 /* ViewModel */ = {
			isa = PBXGroup;
			children = (
				40FB79D02B50961B00E387F4 /* RegistrationViewModel.swift */,
			);
			path = ViewModel;
			sourceTree = "<group>";
		};
		40FB79CE2B50960500E387F4 /* View */ = {
			isa = PBXGroup;
			children = (
				40FB79D22B50962500E387F4 /* RegistrationFormView.swift */,
			);
			path = View;
			sourceTree = "<group>";
		};
		40FB79CF2B50960C00E387F4 /* Model */ = {
			isa = PBXGroup;
			children = (
			);
			path = Model;
			sourceTree = "<group>";
		};
/* End PBXGroup section */

/* Begin PBXNativeTarget section */
		40FB78B52B4DC72800E387F4 /* AllPractices */ = {
			isa = PBXNativeTarget;
			buildConfigurationList = 40FB78DA2B4DC72B00E387F4 /* Build configuration list for PBXNativeTarget "AllPractices" */;
			buildPhases = (
				40FB78B22B4DC72800E387F4 /* Sources */,
				40FB78B32B4DC72800E387F4 /* Frameworks */,
				40FB78B42B4DC72800E387F4 /* Resources */,
			);
			buildRules = (
			);
			dependencies = (
			);
			name = AllPractices;
			productName = AllPractices;
			productReference = 40FB78B62B4DC72800E387F4 /* AllPractices.app */;
			productType = "com.apple.product-type.application";
		};
		40FB78C52B4DC72B00E387F4 /* AllPracticesTests */ = {
			isa = PBXNativeTarget;
			buildConfigurationList = 40FB78DD2B4DC72B00E387F4 /* Build configuration list for PBXNativeTarget "AllPracticesTests" */;
			buildPhases = (
				40FB78C22B4DC72B00E387F4 /* Sources */,
				40FB78C32B4DC72B00E387F4 /* Frameworks */,
				40FB78C42B4DC72B00E387F4 /* Resources */,
			);
			buildRules = (
			);
			dependencies = (
				40FB78C82B4DC72B00E387F4 /* PBXTargetDependency */,
			);
			name = AllPracticesTests;
			productName = AllPracticesTests;
			productReference = 40FB78C62B4DC72B00E387F4 /* AllPracticesTests.xctest */;
			productType = "com.apple.product-type.bundle.unit-test";
		};
		40FB78CF2B4DC72B00E387F4 /* AllPracticesUITests */ = {
			isa = PBXNativeTarget;
			buildConfigurationList = 40FB78E02B4DC72B00E387F4 /* Build configuration list for PBXNativeTarget "AllPracticesUITests" */;
			buildPhases = (
				40FB78CC2B4DC72B00E387F4 /* Sources */,
				40FB78CD2B4DC72B00E387F4 /* Frameworks */,
				40FB78CE2B4DC72B00E387F4 /* Resources */,
			);
			buildRules = (
			);
			dependencies = (
				40FB78D22B4DC72B00E387F4 /* PBXTargetDependency */,
			);
			name = AllPracticesUITests;
			productName = AllPracticesUITests;
			productReference = 40FB78D02B4DC72B00E387F4 /* AllPracticesUITests.xctest */;
			productType = "com.apple.product-type.bundle.ui-testing";
		};
/* End PBXNativeTarget section */

/* Begin PBXProject section */
		40FB78AE2B4DC72800E387F4 /* Project object */ = {
			isa = PBXProject;
			attributes = {
				BuildIndependentTargetsInParallel = 1;
				LastSwiftUpdateCheck = 1500;
				LastUpgradeCheck = 1500;
				TargetAttributes = {
					40FB78B52B4DC72800E387F4 = {
						CreatedOnToolsVersion = 15.0.1;
					};
					40FB78C52B4DC72B00E387F4 = {
						CreatedOnToolsVersion = 15.0.1;
						TestTargetID = 40FB78B52B4DC72800E387F4;
					};
					40FB78CF2B4DC72B00E387F4 = {
						CreatedOnToolsVersion = 15.0.1;
						TestTargetID = 40FB78B52B4DC72800E387F4;
					};
				};
			};
			buildConfigurationList = 40FB78B12B4DC72800E387F4 /* Build configuration list for PBXProject "AllPractices" */;
			compatibilityVersion = "Xcode 14.0";
			developmentRegion = en;
			hasScannedForEncodings = 0;
			knownRegions = (
				en,
				Base,
			);
			mainGroup = 40FB78AD2B4DC72800E387F4;
			productRefGroup = 40FB78B72B4DC72800E387F4 /* Products */;
			projectDirPath = "";
			projectRoot = "";
			targets = (
				40FB78B52B4DC72800E387F4 /* AllPractices */,
				40FB78C52B4DC72B00E387F4 /* AllPracticesTests */,
				40FB78CF2B4DC72B00E387F4 /* AllPracticesUITests */,
			);
		};
/* End PBXProject section */

/* Begin PBXResourcesBuildPhase section */
		40FB78B42B4DC72800E387F4 /* Resources */ = {
			isa = PBXResourcesBuildPhase;
			buildActionMask = 2147483647;
			files = (
				40FB78C12B4DC72B00E387F4 /* Preview Assets.xcassets in Resources */,
				40FB78BE2B4DC72B00E387F4 /* Assets.xcassets in Resources */,
			);
			runOnlyForDeploymentPostprocessing = 0;
		};
		40FB78C42B4DC72B00E387F4 /* Resources */ = {
			isa = PBXResourcesBuildPhase;
			buildActionMask = 2147483647;
			files = (
			);
			runOnlyForDeploymentPostprocessing = 0;
		};
		40FB78CE2B4DC72B00E387F4 /* Resources */ = {
			isa = PBXResourcesBuildPhase;
			buildActionMask = 2147483647;
			files = (
			);
			runOnlyForDeploymentPostprocessing = 0;
		};
/* End PBXResourcesBuildPhase section */

/* Begin PBXSourcesBuildPhase section */
		40FB78B22B4DC72800E387F4 /* Sources */ = {
			isa = PBXSourcesBuildPhase;
			buildActionMask = 2147483647;
			files = (
				40FB78E52B4DC75F00E387F4 /* ValidatedTextField.swift in Sources */,
				40FB79D12B50961B00E387F4 /* RegistrationViewModel.swift in Sources */,
				40FB79D32B50962500E387F4 /* RegistrationFormView.swift in Sources */,
				40FB79C72B50957A00E387F4 /* String+Validations.swift in Sources */,
				40FB78BC2B4DC72800E387F4 /* ContentView.swift in Sources */,
				40FB78BA2B4DC72800E387F4 /* AllPracticesApp.swift in Sources */,
				40FB78E72B4DC77E00E387F4 /* ValidatedSecureTextField.swift in Sources */,
			);
			runOnlyForDeploymentPostprocessing = 0;
		};
		40FB78C22B4DC72B00E387F4 /* Sources */ = {
			isa = PBXSourcesBuildPhase;
			buildActionMask = 2147483647;
			files = (
				40FB78CB2B4DC72B00E387F4 /* AllPracticesTests.swift in Sources */,
			);
			runOnlyForDeploymentPostprocessing = 0;
		};
		40FB78CC2B4DC72B00E387F4 /* Sources */ = {
			isa = PBXSourcesBuildPhase;
			buildActionMask = 2147483647;
			files = (
				40FB78D52B4DC72B00E387F4 /* AllPracticesUITests.swift in Sources */,
				40FB78D72B4DC72B00E387F4 /* AllPracticesUITestsLaunchTests.swift in Sources */,
			);
			runOnlyForDeploymentPostprocessing = 0;
		};
/* End PBXSourcesBuildPhase section */

/* Begin PBXTargetDependency section */
		40FB78C82B4DC72B00E387F4 /* PBXTargetDependency */ = {
			isa = PBXTargetDependency;
			target = 40FB78B52B4DC72800E387F4 /* AllPractices */;
			targetProxy = 40FB78C72B4DC72B00E387F4 /* PBXContainerItemProxy */;
		};
		40FB78D22B4DC72B00E387F4 /* PBXTargetDependency */ = {
			isa = PBXTargetDependency;
			target = 40FB78B52B4DC72800E387F4 /* AllPractices */;
			targetProxy = 40FB78D12B4DC72B00E387F4 /* PBXContainerItemProxy */;
		};
/* End PBXTargetDependency section */

/* Begin XCBuildConfiguration section */
		40FB78D82B4DC72B00E387F4 /* Debug */ = {
			isa = XCBuildConfiguration;
			buildSettings = {
				ALWAYS_SEARCH_USER_PATHS = NO;
				ASSETCATALOG_COMPILER_GENERATE_SWIFT_ASSET_SYMBOL_EXTENSIONS = YES;
				CLANG_ANALYZER_NONNULL = YES;
				CLANG_ANALYZER_NUMBER_OBJECT_CONVERSION = YES_AGGRESSIVE;
				CLANG_CXX_LANGUAGE_STANDARD = "gnu++20";
				CLANG_ENABLE_MODULES = YES;
				CLANG_ENABLE_OBJC_ARC = YES;
				CLANG_ENABLE_OBJC_WEAK = YES;
				CLANG_WARN_BLOCK_CAPTURE_AUTORELEASING = YES;
				CLANG_WARN_BOOL_CONVERSION = YES;
				CLANG_WARN_COMMA = YES;
				CLANG_WARN_CONSTANT_CONVERSION = YES;
				CLANG_WARN_DEPRECATED_OBJC_IMPLEMENTATIONS = YES;
				CLANG_WARN_DIRECT_OBJC_ISA_USAGE = YES_ERROR;
				CLANG_WARN_DOCUMENTATION_COMMENTS = YES;
				CLANG_WARN_EMPTY_BODY = YES;
				CLANG_WARN_ENUM_CONVERSION = YES;
				CLANG_WARN_INFINITE_RECURSION = YES;
				CLANG_WARN_INT_CONVERSION = YES;
				CLANG_WARN_NON_LITERAL_NULL_CONVERSION = YES;
				CLANG_WARN_OBJC_IMPLICIT_RETAIN_SELF = YES;
				CLANG_WARN_OBJC_LITERAL_CONVERSION = YES;
				CLANG_WARN_OBJC_ROOT_CLASS = YES_ERROR;
				CLANG_WARN_QUOTED_INCLUDE_IN_FRAMEWORK_HEADER = YES;
				CLANG_WARN_RANGE_LOOP_ANALYSIS = YES;
				CLANG_WARN_STRICT_PROTOTYPES = YES;
				CLANG_WARN_SUSPICIOUS_MOVE = YES;
				CLANG_WARN_UNGUARDED_AVAILABILITY = YES_AGGRESSIVE;
				CLANG_WARN_UNREACHABLE_CODE = YES;
				CLANG_WARN__DUPLICATE_METHOD_MATCH = YES;
				COPY_PHASE_STRIP = NO;
				DEBUG_INFORMATION_FORMAT = dwarf;
				ENABLE_STRICT_OBJC_MSGSEND = YES;
				ENABLE_TESTABILITY = YES;
				ENABLE_USER_SCRIPT_SANDBOXING = YES;
				GCC_C_LANGUAGE_STANDARD = gnu17;
				GCC_DYNAMIC_NO_PIC = NO;
				GCC_NO_COMMON_BLOCKS = YES;
				GCC_OPTIMIZATION_LEVEL = 0;
				GCC_PREPROCESSOR_DEFINITIONS = (
					"DEBUG=1",
					"$(inherited)",
				);
				GCC_WARN_64_TO_32_BIT_CONVERSION = YES;
				GCC_WARN_ABOUT_RETURN_TYPE = YES_ERROR;
				GCC_WARN_UNDECLARED_SELECTOR = YES;
				GCC_WARN_UNINITIALIZED_AUTOS = YES_AGGRESSIVE;
				GCC_WARN_UNUSED_FUNCTION = YES;
				GCC_WARN_UNUSED_VARIABLE = YES;
				IPHONEOS_DEPLOYMENT_TARGET = 17.0;
				LOCALIZATION_PREFERS_STRING_CATALOGS = YES;
				MTL_ENABLE_DEBUG_INFO = INCLUDE_SOURCE;
				MTL_FAST_MATH = YES;
				ONLY_ACTIVE_ARCH = YES;
				SDKROOT = iphoneos;
				SWIFT_ACTIVE_COMPILATION_CONDITIONS = "DEBUG $(inherited)";
				SWIFT_OPTIMIZATION_LEVEL = "-Onone";
			};
			name = Debug;
		};
		40FB78D92B4DC72B00E387F4 /* Release */ = {
			isa = XCBuildConfiguration;
			buildSettings = {
				ALWAYS_SEARCH_USER_PATHS = NO;
				ASSETCATALOG_COMPILER_GENERATE_SWIFT_ASSET_SYMBOL_EXTENSIONS = YES;
				CLANG_ANALYZER_NONNULL = YES;
				CLANG_ANALYZER_NUMBER_OBJECT_CONVERSION = YES_AGGRESSIVE;
				CLANG_CXX_LANGUAGE_STANDARD = "gnu++20";
				CLANG_ENABLE_MODULES = YES;
				CLANG_ENABLE_OBJC_ARC = YES;
				CLANG_ENABLE_OBJC_WEAK = YES;
				CLANG_WARN_BLOCK_CAPTURE_AUTORELEASING = YES;
				CLANG_WARN_BOOL_CONVERSION = YES;
				CLANG_WARN_COMMA = YES;
				CLANG_WARN_CONSTANT_CONVERSION = YES;
				CLANG_WARN_DEPRECATED_OBJC_IMPLEMENTATIONS = YES;
				CLANG_WARN_DIRECT_OBJC_ISA_USAGE = YES_ERROR;
				CLANG_WARN_DOCUMENTATION_COMMENTS = YES;
				CLANG_WARN_EMPTY_BODY = YES;
				CLANG_WARN_ENUM_CONVERSION = YES;
				CLANG_WARN_INFINITE_RECURSION = YES;
				CLANG_WARN_INT_CONVERSION = YES;
				CLANG_WARN_NON_LITERAL_NULL_CONVERSION = YES;
				CLANG_WARN_OBJC_IMPLICIT_RETAIN_SELF = YES;
				CLANG_WARN_OBJC_LITERAL_CONVERSION = YES;
				CLANG_WARN_OBJC_ROOT_CLASS = YES_ERROR;
				CLANG_WARN_QUOTED_INCLUDE_IN_FRAMEWORK_HEADER = YES;
				CLANG_WARN_RANGE_LOOP_ANALYSIS = YES;
				CLANG_WARN_STRICT_PROTOTYPES = YES;
				CLANG_WARN_SUSPICIOUS_MOVE = YES;
				CLANG_WARN_UNGUARDED_AVAILABILITY = YES_AGGRESSIVE;
				CLANG_WARN_UNREACHABLE_CODE = YES;
				CLANG_WARN__DUPLICATE_METHOD_MATCH = YES;
				COPY_PHASE_STRIP = NO;
				DEBUG_INFORMATION_FORMAT = "dwarf-with-dsym";
				ENABLE_NS_ASSERTIONS = NO;
				ENABLE_STRICT_OBJC_MSGSEND = YES;
				ENABLE_USER_SCRIPT_SANDBOXING = YES;
				GCC_C_LANGUAGE_STANDARD = gnu17;
				GCC_NO_COMMON_BLOCKS = YES;
				GCC_WARN_64_TO_32_BIT_CONVERSION = YES;
				GCC_WARN_ABOUT_RETURN_TYPE = YES_ERROR;
				GCC_WARN_UNDECLARED_SELECTOR = YES;
				GCC_WARN_UNINITIALIZED_AUTOS = YES_AGGRESSIVE;
				GCC_WARN_UNUSED_FUNCTION = YES;
				GCC_WARN_UNUSED_VARIABLE = YES;
				IPHONEOS_DEPLOYMENT_TARGET = 17.0;
				LOCALIZATION_PREFERS_STRING_CATALOGS = YES;
				MTL_ENABLE_DEBUG_INFO = NO;
				MTL_FAST_MATH = YES;
				SDKROOT = iphoneos;
				SWIFT_COMPILATION_MODE = wholemodule;
				VALIDATE_PRODUCT = YES;
			};
			name = Release;
		};
		40FB78DB2B4DC72B00E387F4 /* Debug */ = {
			isa = XCBuildConfiguration;
			buildSettings = {
				ASSETCATALOG_COMPILER_APPICON_NAME = AppIcon;
				ASSETCATALOG_COMPILER_GLOBAL_ACCENT_COLOR_NAME = AccentColor;
				CODE_SIGN_STYLE = Automatic;
				CURRENT_PROJECT_VERSION = 1;
				DEVELOPMENT_ASSET_PATHS = "\"AllPractices/Preview Content\"";
				ENABLE_PREVIEWS = YES;
				GENERATE_INFOPLIST_FILE = YES;
				INFOPLIST_KEY_UIApplicationSceneManifest_Generation = YES;
				INFOPLIST_KEY_UIApplicationSupportsIndirectInputEvents = YES;
				INFOPLIST_KEY_UILaunchScreen_Generation = YES;
				INFOPLIST_KEY_UISupportedInterfaceOrientations_iPad = "UIInterfaceOrientationPortrait UIInterfaceOrientationPortraitUpsideDown UIInterfaceOrientationLandscapeLeft UIInterfaceOrientationLandscapeRight";
				INFOPLIST_KEY_UISupportedInterfaceOrientations_iPhone = "UIInterfaceOrientationPortrait UIInterfaceOrientationLandscapeLeft UIInterfaceOrientationLandscapeRight";
				LD_RUNPATH_SEARCH_PATHS = (
					"$(inherited)",
					"@executable_path/Frameworks",
				);
				MARKETING_VERSION = 1.0;
				PRODUCT_BUNDLE_IDENTIFIER = com.weather.weatherapp.AllPractices;
				PRODUCT_NAME = "$(TARGET_NAME)";
				SWIFT_EMIT_LOC_STRINGS = YES;
				SWIFT_VERSION = 5.0;
				TARGETED_DEVICE_FAMILY = "1,2";
			};
			name = Debug;
		};
		40FB78DC2B4DC72B00E387F4 /* Release */ = {
			isa = XCBuildConfiguration;
			buildSettings = {
				ASSETCATALOG_COMPILER_APPICON_NAME = AppIcon;
				ASSETCATALOG_COMPILER_GLOBAL_ACCENT_COLOR_NAME = AccentColor;
				CODE_SIGN_STYLE = Automatic;
				CURRENT_PROJECT_VERSION = 1;
				DEVELOPMENT_ASSET_PATHS = "\"AllPractices/Preview Content\"";
				ENABLE_PREVIEWS = YES;
				GENERATE_INFOPLIST_FILE = YES;
				INFOPLIST_KEY_UIApplicationSceneManifest_Generation = YES;
				INFOPLIST_KEY_UIApplicationSupportsIndirectInputEvents = YES;
				INFOPLIST_KEY_UILaunchScreen_Generation = YES;
				INFOPLIST_KEY_UISupportedInterfaceOrientations_iPad = "UIInterfaceOrientationPortrait UIInterfaceOrientationPortraitUpsideDown UIInterfaceOrientationLandscapeLeft UIInterfaceOrientationLandscapeRight";
				INFOPLIST_KEY_UISupportedInterfaceOrientations_iPhone = "UIInterfaceOrientationPortrait UIInterfaceOrientationLandscapeLeft UIInterfaceOrientationLandscapeRight";
				LD_RUNPATH_SEARCH_PATHS = (
					"$(inherited)",
					"@executable_path/Frameworks",
				);
				MARKETING_VERSION = 1.0;
				PRODUCT_BUNDLE_IDENTIFIER = com.weather.weatherapp.AllPractices;
				PRODUCT_NAME = "$(TARGET_NAME)";
				SWIFT_EMIT_LOC_STRINGS = YES;
				SWIFT_VERSION = 5.0;
				TARGETED_DEVICE_FAMILY = "1,2";
			};
			name = Release;
		};
		40FB78DE2B4DC72B00E387F4 /* Debug */ = {
			isa = XCBuildConfiguration;
			buildSettings = {
				ALWAYS_EMBED_SWIFT_STANDARD_LIBRARIES = YES;
				BUNDLE_LOADER = "$(TEST_HOST)";
				CODE_SIGN_STYLE = Automatic;
				CURRENT_PROJECT_VERSION = 1;
				GENERATE_INFOPLIST_FILE = YES;
				IPHONEOS_DEPLOYMENT_TARGET = 17.0;
				MARKETING_VERSION = 1.0;
				PRODUCT_BUNDLE_IDENTIFIER = com.weather.weatherapp.AllPracticesTests;
				PRODUCT_NAME = "$(TARGET_NAME)";
				SWIFT_EMIT_LOC_STRINGS = NO;
				SWIFT_VERSION = 5.0;
				TARGETED_DEVICE_FAMILY = "1,2";
				TEST_HOST = "$(BUILT_PRODUCTS_DIR)/AllPractices.app/$(BUNDLE_EXECUTABLE_FOLDER_PATH)/AllPractices";
			};
			name = Debug;
		};
		40FB78DF2B4DC72B00E387F4 /* Release */ = {
			isa = XCBuildConfiguration;
			buildSettings = {
				ALWAYS_EMBED_SWIFT_STANDARD_LIBRARIES = YES;
				BUNDLE_LOADER = "$(TEST_HOST)";
				CODE_SIGN_STYLE = Automatic;
				CURRENT_PROJECT_VERSION = 1;
				GENERATE_INFOPLIST_FILE = YES;
				IPHONEOS_DEPLOYMENT_TARGET = 17.0;
				MARKETING_VERSION = 1.0;
				PRODUCT_BUNDLE_IDENTIFIER = com.weather.weatherapp.AllPracticesTests;
				PRODUCT_NAME = "$(TARGET_NAME)";
				SWIFT_EMIT_LOC_STRINGS = NO;
				SWIFT_VERSION = 5.0;
				TARGETED_DEVICE_FAMILY = "1,2";
				TEST_HOST = "$(BUILT_PRODUCTS_DIR)/AllPractices.app/$(BUNDLE_EXECUTABLE_FOLDER_PATH)/AllPractices";
			};
			name = Release;
		};
		40FB78E12B4DC72B00E387F4 /* Debug */ = {
			isa = XCBuildConfiguration;
			buildSettings = {
				ALWAYS_EMBED_SWIFT_STANDARD_LIBRARIES = YES;
				CODE_SIGN_STYLE = Automatic;
				CURRENT_PROJECT_VERSION = 1;
				GENERATE_INFOPLIST_FILE = YES;
				MARKETING_VERSION = 1.0;
				PRODUCT_BUNDLE_IDENTIFIER = com.weather.weatherapp.AllPracticesUITests;
				PRODUCT_NAME = "$(TARGET_NAME)";
				SWIFT_EMIT_LOC_STRINGS = NO;
				SWIFT_VERSION = 5.0;
				TARGETED_DEVICE_FAMILY = "1,2";
				TEST_TARGET_NAME = AllPractices;
			};
			name = Debug;
		};
		40FB78E22B4DC72B00E387F4 /* Release */ = {
			isa = XCBuildConfiguration;
			buildSettings = {
				ALWAYS_EMBED_SWIFT_STANDARD_LIBRARIES = YES;
				CODE_SIGN_STYLE = Automatic;
				CURRENT_PROJECT_VERSION = 1;
				GENERATE_INFOPLIST_FILE = YES;
				MARKETING_VERSION = 1.0;
				PRODUCT_BUNDLE_IDENTIFIER = com.weather.weatherapp.AllPracticesUITests;
				PRODUCT_NAME = "$(TARGET_NAME)";
				SWIFT_EMIT_LOC_STRINGS = NO;
				SWIFT_VERSION = 5.0;
				TARGETED_DEVICE_FAMILY = "1,2";
				TEST_TARGET_NAME = AllPractices;
			};
			name = Release;
		};
/* End XCBuildConfiguration section */

/* Begin XCConfigurationList section */
		40FB78B12B4DC72800E387F4 /* Build configuration list for PBXProject "AllPractices" */ = {
			isa = XCConfigurationList;
			buildConfigurations = (
				40FB78D82B4DC72B00E387F4 /* Debug */,
				40FB78D92B4DC72B00E387F4 /* Release */,
			);
			defaultConfigurationIsVisible = 0;
			defaultConfigurationName = Release;
		};
		40FB78DA2B4DC72B00E387F4 /* Build configuration list for PBXNativeTarget "AllPractices" */ = {
			isa = XCConfigurationList;
			buildConfigurations = (
				40FB78DB2B4DC72B00E387F4 /* Debug */,
				40FB78DC2B4DC72B00E387F4 /* Release */,
			);
			defaultConfigurationIsVisible = 0;
			defaultConfigurationName = Release;
		};
		40FB78DD2B4DC72B00E387F4 /* Build configuration list for PBXNativeTarget "AllPracticesTests" */ = {
			isa = XCConfigurationList;
			buildConfigurations = (
				40FB78DE2B4DC72B00E387F4 /* Debug */,
				40FB78DF2B4DC72B00E387F4 /* Release */,
			);
			defaultConfigurationIsVisible = 0;
			defaultConfigurationName = Release;
		};
		40FB78E02B4DC72B00E387F4 /* Build configuration list for PBXNativeTarget "AllPracticesUITests" */ = {
			isa = XCConfigurationList;
			buildConfigurations = (
				40FB78E12B4DC72B00E387F4 /* Debug */,
				40FB78E22B4DC72B00E387F4 /* Release */,
			);
			defaultConfigurationIsVisible = 0;
			defaultConfigurationName = Release;
		};
/* End XCConfigurationList section */
	};
	rootObject = 40FB78AE2B4DC72800E387F4 /* Project object */;
}
